github.com/plainkit/html v0.16.0 h1:jGxCuE7n5mLXzpSEH79zc9s+4R6zVPnfYsgYOg3vTVg=
github.com/plainkit/html v0.16.0/go.mod h1:S/JgjPo2gBecfPy3J3i/EM+9lJehBsV4Z94nTUc3+8s=
github.com/plainkit/html v0.18.0 h1:/YvCxVT4NgDUDd741pJviYsyUw/LgWcVncaj+JkBrlQ=
github.com/plainkit/html v0.18.0/go.mod h1:G8xDVL5UAKqdrdB8HHwloRwl+w8UMqzsZ7GzC8/qAXE=
